
Microsoft Visual Studio Solution File, Format Version 12.00
# Visual Studio Version 17
VisualStudioVersion = 17.9.34728.123
MinimumVisualStudioVersion = 10.0.40219.1
Project("{FAE04EC0-301F-11D3-BF4B-00C04F79EFBC}") = "Мод. Разр. Пецевич ПР22_102 практ5", "Мод. Разр. Пецевич ПР22_102 практ5\Мод. Разр. Пецевич ПР22_102 практ5.csproj", "{A31A07ED-4A1F-40D5-847F-9AD5060D25CA}"
EndProject
Project("{FAE04EC0-301F-11D3-BF4B-00C04F79EFBC}") = "HashPasswords", "HashPasswords\HashPasswords.csproj", "{EA646C14-5C37-42F9-8568-44F40D6E3491}"
EndProject
Global
	GlobalSection(SolutionConfigurationPlatforms) = preSolution
		Debug|Any CPU = Debug|Any CPU
		Release|Any CPU = Release|Any CPU
	EndGlobalSection
	GlobalSection(ProjectConfigurationPlatforms) = postSolution
		{A31A07ED-4A1F-40D5-847F-9AD5060D25CA}.Debug|Any CPU.ActiveCfg = Debug|Any CPU
		{A31A07ED-4A1F-40D5-847F-9AD5060D25CA}.Debug|Any CPU.Build.0 = Debug|Any CPU
		{A31A07ED-4A1F-40D5-847F-9AD5060D25CA}.Release|Any CPU.ActiveCfg = Release|Any CPU
		{A31A07ED-4A1F-40D5-847F-9AD5060D25CA}.Release|Any CPU.Build.0 = Release|Any CPU
		{EA646C14-5C37-42F9-8568-44F40D6E3491}.Debug|Any CPU.ActiveCfg = Debug|Any CPU
		{EA646C14-5C37-42F9-8568-44F40D6E3491}.Debug|Any CPU.Build.0 = Debug|Any CPU
		{EA646C14-5C37-42F9-8568-44F40D6E3491}.Release|Any CPU.ActiveCfg = Release|Any CPU
		{EA646C14-5C37-42F9-8568-44F40D6E3491}.Release|Any CPU.Build.0 = Release|Any CPU
	EndGlobalSection
	GlobalSection(SolutionProperties) = preSolution
		HideSolutionNode = FALSE
	EndGlobalSection
	GlobalSection(ExtensibilityGlobals) = postSolution
		SolutionGuid = {1F15D08F-6633-4004-8875-BC52CEBD5ACC}
	EndGlobalSection
EndGlobal
